
Microsoft Visual Studio Solution File, Format Version 12.00
# Visual Studio Version 17
VisualStudioVersion = 17.0.31903.59
MinimumVisualStudioVersion = 10.0.40219.1
Project("{2150E333-8FDC-42A3-9474-1A3956D46DE8}") = "src", "src", "{56DA4835-A4B0-48D6-A8D5-2266F3258A3E}"
EndProject
Project("{FAE04EC0-301F-11D3-BF4B-00C04F79EFBC}") = "AuctionService", "src\AuctionService\AuctionService.csproj", "{BAB99551-98C1-4AF7-9711-000EB78C445F}"
EndProject
Project("{FAE04EC0-301F-11D3-BF4B-00C04F79EFBC}") = "SearchService", "src\SearchService\SearchService.csproj", "{05B8ABB9-E150-4DB2-94E5-6A6CD026A54C}"
EndProject
Project("{FAE04EC0-301F-11D3-BF4B-00C04F79EFBC}") = "Contracts", "src\Contracts\Contracts.csproj", "{F5BA0ED1-CFFE-412D-820E-67E2FB84917C}"
EndProject
Project("{FAE04EC0-301F-11D3-BF4B-00C04F79EFBC}") = "IdentityService", "src\IdentityService\IdentityService.csproj", "{B231BC9E-6987-412E-971D-B5BBB6486DD6}"
EndProject
Project("{FAE04EC0-301F-11D3-BF4B-00C04F79EFBC}") = "GatewayService", "src\GatewayService\GatewayService.csproj", "{AE583476-0420-4178-9C25-88CCC6C61E2F}"
EndProject
Project("{FAE04EC0-301F-11D3-BF4B-00C04F79EFBC}") = "BiddingService", "src\BiddingService\BiddingService.csproj", "{E65E9FFE-918D-42A9-84C4-D2A133BCFD3C}"
EndProject
Global
	GlobalSection(SolutionConfigurationPlatforms) = preSolution
		Debug|Any CPU = Debug|Any CPU
		Release|Any CPU = Release|Any CPU
	EndGlobalSection
	GlobalSection(SolutionProperties) = preSolution
		HideSolutionNode = FALSE
	EndGlobalSection
	GlobalSection(ProjectConfigurationPlatforms) = postSolution
		{BAB99551-98C1-4AF7-9711-000EB78C445F}.Debug|Any CPU.ActiveCfg = Debug|Any CPU
		{BAB99551-98C1-4AF7-9711-000EB78C445F}.Debug|Any CPU.Build.0 = Debug|Any CPU
		{BAB99551-98C1-4AF7-9711-000EB78C445F}.Release|Any CPU.ActiveCfg = Release|Any CPU
		{BAB99551-98C1-4AF7-9711-000EB78C445F}.Release|Any CPU.Build.0 = Release|Any CPU
		{05B8ABB9-E150-4DB2-94E5-6A6CD026A54C}.Debug|Any CPU.ActiveCfg = Debug|Any CPU
		{05B8ABB9-E150-4DB2-94E5-6A6CD026A54C}.Debug|Any CPU.Build.0 = Debug|Any CPU
		{05B8ABB9-E150-4DB2-94E5-6A6CD026A54C}.Release|Any CPU.ActiveCfg = Release|Any CPU
		{05B8ABB9-E150-4DB2-94E5-6A6CD026A54C}.Release|Any CPU.Build.0 = Release|Any CPU
		{F5BA0ED1-CFFE-412D-820E-67E2FB84917C}.Debug|Any CPU.ActiveCfg = Debug|Any CPU
		{F5BA0ED1-CFFE-412D-820E-67E2FB84917C}.Debug|Any CPU.Build.0 = Debug|Any CPU
		{F5BA0ED1-CFFE-412D-820E-67E2FB84917C}.Release|Any CPU.ActiveCfg = Release|Any CPU
		{F5BA0ED1-CFFE-412D-820E-67E2FB84917C}.Release|Any CPU.Build.0 = Release|Any CPU
		{B231BC9E-6987-412E-971D-B5BBB6486DD6}.Debug|Any CPU.ActiveCfg = Debug|Any CPU
		{B231BC9E-6987-412E-971D-B5BBB6486DD6}.Debug|Any CPU.Build.0 = Debug|Any CPU
		{B231BC9E-6987-412E-971D-B5BBB6486DD6}.Release|Any CPU.ActiveCfg = Release|Any CPU
		{B231BC9E-6987-412E-971D-B5BBB6486DD6}.Release|Any CPU.Build.0 = Release|Any CPU
		{AE583476-0420-4178-9C25-88CCC6C61E2F}.Debug|Any CPU.ActiveCfg = Debug|Any CPU
		{AE583476-0420-4178-9C25-88CCC6C61E2F}.Debug|Any CPU.Build.0 = Debug|Any CPU
		{AE583476-0420-4178-9C25-88CCC6C61E2F}.Release|Any CPU.ActiveCfg = Release|Any CPU
		{AE583476-0420-4178-9C25-88CCC6C61E2F}.Release|Any CPU.Build.0 = Release|Any CPU
		{E65E9FFE-918D-42A9-84C4-D2A133BCFD3C}.Debug|Any CPU.ActiveCfg = Debug|Any CPU
		{E65E9FFE-918D-42A9-84C4-D2A133BCFD3C}.Debug|Any CPU.Build.0 = Debug|Any CPU
		{E65E9FFE-918D-42A9-84C4-D2A133BCFD3C}.Release|Any CPU.ActiveCfg = Release|Any CPU
		{E65E9FFE-918D-42A9-84C4-D2A133BCFD3C}.Release|Any CPU.Build.0 = Release|Any CPU
	EndGlobalSection
	GlobalSection(NestedProjects) = preSolution
		{BAB99551-98C1-4AF7-9711-000EB78C445F} = {56DA4835-A4B0-48D6-A8D5-2266F3258A3E}
		{05B8ABB9-E150-4DB2-94E5-6A6CD026A54C} = {56DA4835-A4B0-48D6-A8D5-2266F3258A3E}
		{F5BA0ED1-CFFE-412D-820E-67E2FB84917C} = {56DA4835-A4B0-48D6-A8D5-2266F3258A3E}
		{B231BC9E-6987-412E-971D-B5BBB6486DD6} = {56DA4835-A4B0-48D6-A8D5-2266F3258A3E}
		{AE583476-0420-4178-9C25-88CCC6C61E2F} = {56DA4835-A4B0-48D6-A8D5-2266F3258A3E}
		{E65E9FFE-918D-42A9-84C4-D2A133BCFD3C} = {56DA4835-A4B0-48D6-A8D5-2266F3258A3E}
	EndGlobalSection
EndGlobal
